
Microsoft Visual Studio Solution File, Format Version 12.00
# Visual Studio 2012
Project("{8BC9CEB8-8B4A-11D0-8D11-00A0C91BC942}") = "YAPP!", "YAPP!\YAPP!.vcxproj", "{61BE95B7-00F5-4700-A620-88DDAFFAC31E}"
EndProject
Global
	GlobalSection(SolutionConfigurationPlatforms) = preSolution
		Debug|Win32 = Debug|Win32
		Release|Win32 = Release|Win32
	EndGlobalSection
	GlobalSection(ProjectConfigurationPlatforms) = postSolution
		{61BE95B7-00F5-4700-A620-88DDAFFAC31E}.Debug|Win32.ActiveCfg = Debug|Win32
		{61BE95B7-00F5-4700-A620-88DDAFFAC31E}.Debug|Win32.Build.0 = Debug|Win32
		{61BE95B7-00F5-4700-A620-88DDAFFAC31E}.Release|Win32.ActiveCfg = Release|Win32
		{61BE95B7-00F5-4700-A620-88DDAFFAC31E}.Release|Win32.Build.0 = Release|Win32
	EndGlobalSection
	GlobalSection(SolutionProperties) = preSolution
		HideSolutionNode = FALSE
	EndGlobalSection
EndGlobal
